// !$*UTF8*$!
{
	archiveVersion = 1;
	classes = {
	};
	objectVersion = 50;
	objects = {

/* Begin PBXBuildFile section */
		A23FCFDB2509E3290088CD77 /* SectionTableViewController.swift in Sources */ = {isa = PBXBuildFile; fileRef = A23FCFDA2509E3290088CD77 /* SectionTableViewController.swift */; };
		A23FCFDD2509EFE30088CD77 /* TabViewController.swift in Sources */ = {isa = PBXBuildFile; fileRef = A23FCFDC2509EFE30088CD77 /* TabViewController.swift */; };
		A25BE416250939D8009F506E /* ContactsTableViewController.swift in Sources */ = {isa = PBXBuildFile; fileRef = A25BE415250939D8009F506E /* ContactsTableViewController.swift */; };
		A25BE41825095C99009F506E /* DetailsViewController.swift in Sources */ = {isa = PBXBuildFile; fileRef = A25BE41725095C99009F506E /* DetailsViewController.swift */; };
		A2D5860D2508DDD200A9FC4C /* AppDelegate.swift in Sources */ = {isa = PBXBuildFile; fileRef = A2D5860C2508DDD200A9FC4C /* AppDelegate.swift */; };
		A2D5860F2508DDD200A9FC4C /* SceneDelegate.swift in Sources */ = {isa = PBXBuildFile; fileRef = A2D5860E2508DDD200A9FC4C /* SceneDelegate.swift */; };
		A2D586142508DDD200A9FC4C /* Main.storyboard in Resources */ = {isa = PBXBuildFile; fileRef = A2D586122508DDD200A9FC4C /* Main.storyboard */; };
		A2D586162508DDD500A9FC4C /* Assets.xcassets in Resources */ = {isa = PBXBuildFile; fileRef = A2D586152508DDD500A9FC4C /* Assets.xcassets */; };
		A2D586192508DDD500A9FC4C /* LaunchScreen.storyboard in Resources */ = {isa = PBXBuildFile; fileRef = A2D586172508DDD500A9FC4C /* LaunchScreen.storyboard */; };
		A2D586262508E09200A9FC4C /* Person.swift in Sources */ = {isa = PBXBuildFile; fileRef = A2D586252508E09200A9FC4C /* Person.swift */; };
		A2D5862A2508E19500A9FC4C /* DataManager.swift in Sources */ = {isa = PBXBuildFile; fileRef = A2D586292508E19500A9FC4C /* DataManager.swift */; };
/* End PBXBuildFile section */

/* Begin PBXFileReference section */
		A23FCFDA2509E3290088CD77 /* SectionTableViewController.swift */ = {isa = PBXFileReference; lastKnownFileType = sourcecode.swift; path = SectionTableViewController.swift; sourceTree = "<group>"; };
		A23FCFDC2509EFE30088CD77 /* TabViewController.swift */ = {isa = PBXFileReference; lastKnownFileType = sourcecode.swift; path = TabViewController.swift; sourceTree = "<group>"; };
		A25BE415250939D8009F506E /* ContactsTableViewController.swift */ = {isa = PBXFileReference; lastKnownFileType = sourcecode.swift; path = ContactsTableViewController.swift; sourceTree = "<group>"; };
		A25BE41725095C99009F506E /* DetailsViewController.swift */ = {isa = PBXFileReference; lastKnownFileType = sourcecode.swift; path = DetailsViewController.swift; sourceTree = "<group>"; };
		A2D586092508DDD200A9FC4C /* ContactsApp.app */ = {isa = PBXFileReference; explicitFileType = wrapper.application; includeInIndex = 0; path = ContactsApp.app; sourceTree = BUILT_PRODUCTS_DIR; };
		A2D5860C2508DDD200A9FC4C /* AppDelegate.swift */ = {isa = PBXFileReference; lastKnownFileType = sourcecode.swift; path = AppDelegate.swift; sourceTree = "<group>"; };
		A2D5860E2508DDD200A9FC4C /* SceneDelegate.swift */ = {isa = PBXFileReference; lastKnownFileType = sourcecode.swift; path = SceneDelegate.swift; sourceTree = "<group>"; };
		A2D586132508DDD200A9FC4C /* Base */ = {isa = PBXFileReference; lastKnownFileType = file.storyboard; name = Base; path = Base.lproj/Main.storyboard; sourceTree = "<group>"; };
		A2D586152508DDD500A9FC4C /* Assets.xcassets */ = {isa = PBXFileReference; lastKnownFileType = folder.assetcatalog; path = Assets.xcassets; sourceTree = "<group>"; };
		A2D586182508DDD500A9FC4C /* Base */ = {isa = PBXFileReference; lastKnownFileType = file.storyboard; name = Base; path = Base.lproj/LaunchScreen.storyboard; sourceTree = "<group>"; };
		A2D5861A2508DDD500A9FC4C /* Info.plist */ = {isa = PBXFileReference; lastKnownFileType = text.plist.xml; path = Info.plist; sourceTree = "<group>"; };
		A2D586252508E09200A9FC4C /* Person.swift */ = {isa = PBXFileReference; lastKnownFileType = sourcecode.swift; path = Person.swift; sourceTree = "<group>"; };
		A2D586292508E19500A9FC4C /* DataManager.swift */ = {isa = PBXFileReference; lastKnownFileType = sourcecode.swift; path = DataManager.swift; sourceTree = "<group>"; };
/* End PBXFileReference section */

/* Begin PBXFrameworksBuildPhase section */
		A2D586062508DDD200A9FC4C /* Frameworks */ = {
			isa = PBXFrameworksBuildPhase;
			buildActionMask = 2147483647;
			files = (
			);
			runOnlyForDeploymentPostprocessing = 0;
		};
/* End PBXFrameworksBuildPhase section */

/* Begin PBXGroup section */
		A2D586002508DDD200A9FC4C = {
			isa = PBXGroup;
			children = (
				A2D5860B2508DDD200A9FC4C /* ContactsApp */,
				A2D5860A2508DDD200A9FC4C /* Products */,
			);
			sourceTree = "<group>";
		};
		A2D5860A2508DDD200A9FC4C /* Products */ = {
			isa = PBXGroup;
			children = (
				A2D586092508DDD200A9FC4C /* ContactsApp.app */,
			);
			name = Products;
			sourceTree = "<group>";
		};
		A2D5860B2508DDD200A9FC4C /* ContactsApp */ = {
			isa = PBXGroup;
			children = (
				A2D586242508DF0C00A9FC4C /* Model */,
				A2D586202508DE7100A9FC4C /* SupportingFiles */,
				A2D586212508DEA100A9FC4C /* ViewControllers */,
				A2D586222508DECB00A9FC4C /* Storyboards */,
				A2D586232508DEF700A9FC4C /* Sources */,
			);
			path = ContactsApp;
			sourceTree = "<group>";
		};
		A2D586202508DE7100A9FC4C /* SupportingFiles */ = {
			isa = PBXGroup;
			children = (
				A2D5861A2508DDD500A9FC4C /* Info.plist */,
				A2D5860E2508DDD200A9FC4C /* SceneDelegate.swift */,
				A2D5860C2508DDD200A9FC4C /* AppDelegate.swift */,
			);
			name = SupportingFiles;
			sourceTree = "<group>";
		};
		A2D586212508DEA100A9FC4C /* ViewControllers */ = {
			isa = PBXGroup;
			children = (
				A25BE415250939D8009F506E /* ContactsTableViewController.swift */,
				A25BE41725095C99009F506E /* DetailsViewController.swift */,
				A23FCFDA2509E3290088CD77 /* SectionTableViewController.swift */,
				A23FCFDC2509EFE30088CD77 /* TabViewController.swift */,
			);
			name = ViewControllers;
			sourceTree = "<group>";
		};
		A2D586222508DECB00A9FC4C /* Storyboards */ = {
			isa = PBXGroup;
			children = (
				A2D586172508DDD500A9FC4C /* LaunchScreen.storyboard */,
				A2D586122508DDD200A9FC4C /* Main.storyboard */,
			);
			name = Storyboards;
			sourceTree = "<group>";
		};
		A2D586232508DEF700A9FC4C /* Sources */ = {
			isa = PBXGroup;
			children = (
				A2D586152508DDD500A9FC4C /* Assets.xcassets */,
			);
			name = Sources;
			sourceTree = "<group>";
		};
		A2D586242508DF0C00A9FC4C /* Model */ = {
			isa = PBXGroup;
			children = (
				A2D586252508E09200A9FC4C /* Person.swift */,
				A2D586292508E19500A9FC4C /* DataManager.swift */,
			);
			name = Model;
			sourceTree = "<group>";
		};
/* End PBXGroup section */

/* Begin PBXNativeTarget section */
		A2D586082508DDD200A9FC4C /* ContactsApp */ = {
			isa = PBXNativeTarget;
			buildConfigurationList = A2D5861D2508DDD500A9FC4C /* Build configuration list for PBXNativeTarget "ContactsApp" */;
			buildPhases = (
				A2D586052508DDD200A9FC4C /* Sources */,
				A2D586062508DDD200A9FC4C /* Frameworks */,
				A2D586072508DDD200A9FC4C /* Resources */,
			);
			buildRules = (
			);
			dependencies = (
			);
			name = ContactsApp;
			productName = ContactsApp;
			productReference = A2D586092508DDD200A9FC4C /* ContactsApp.app */;
			productType = "com.apple.product-type.application";
		};
/* End PBXNativeTarget section */

/* Begin PBXProject section */
		A2D586012508DDD200A9FC4C /* Project object */ = {
			isa = PBXProject;
			attributes = {
				LastSwiftUpdateCheck = 1150;
				LastUpgradeCheck = 1150;
				ORGANIZATIONNAME = Rasikon;
				TargetAttributes = {
					A2D586082508DDD200A9FC4C = {
						CreatedOnToolsVersion = 11.5;
					};
				};
			};
			buildConfigurationList = A2D586042508DDD200A9FC4C /* Build configuration list for PBXProject "ContactsApp" */;
			compatibilityVersion = "Xcode 9.3";
			developmentRegion = en;
			hasScannedForEncodings = 0;
			knownRegions = (
				en,
				Base,
			);
			mainGroup = A2D586002508DDD200A9FC4C;
			productRefGroup = A2D5860A2508DDD200A9FC4C /* Products */;
			projectDirPath = "";
			projectRoot = "";
			targets = (
				A2D586082508DDD200A9FC4C /* ContactsApp */,
			);
		};
/* End PBXProject section */

/* Begin PBXResourcesBuildPhase section */
		A2D586072508DDD200A9FC4C /* Resources */ = {
			isa = PBXResourcesBuildPhase;
			buildActionMask = 2147483647;
			files = (
				A2D586192508DDD500A9FC4C /* LaunchScreen.storyboard in Resources */,
				A2D586162508DDD500A9FC4C /* Assets.xcassets in Resources */,
				A2D586142508DDD200A9FC4C /* Main.storyboard in Resources */,
			);
			runOnlyForDeploymentPostprocessing = 0;
		};
/* End PBXResourcesBuildPhase section */

/* Begin PBXSourcesBuildPhase section */
		A2D586052508DDD200A9FC4C /* Sources */ = {
			isa = PBXSourcesBuildPhase;
			buildActionMask = 2147483647;
			files = (
				A23FCFDD2509EFE30088CD77 /* TabViewController.swift in Sources */,
				A2D5862A2508E19500A9FC4C /* DataManager.swift in Sources */,
				A25BE416250939D8009F506E /* ContactsTableViewController.swift in Sources */,
				A2D5860D2508DDD200A9FC4C /* AppDelegate.swift in Sources */,
				A25BE41825095C99009F506E /* DetailsViewController.swift in Sources */,
				A23FCFDB2509E3290088CD77 /* SectionTableViewController.swift in Sources */,
				A2D586262508E09200A9FC4C /* Person.swift in Sources */,
				A2D5860F2508DDD200A9FC4C /* SceneDelegate.swift in Sources */,
			);
			runOnlyForDeploymentPostprocessing = 0;
		};
/* End PBXSourcesBuildPhase section */

/* Begin PBXVariantGroup section */
		A2D586122508DDD200A9FC4C /* Main.storyboard */ = {
			isa = PBXVariantGroup;
			children = (
				A2D586132508DDD200A9FC4C /* Base */,
			);
			name = Main.storyboard;
			sourceTree = "<group>";
		};
		A2D586172508DDD500A9FC4C /* LaunchScreen.storyboard */ = {
			isa = PBXVariantGroup;
			children = (
				A2D586182508DDD500A9FC4C /* Base */,
			);
			name = LaunchScreen.storyboard;
			sourceTree = "<group>";
		};
/* End PBXVariantGroup section */

/* Begin XCBuildConfiguration section */
		A2D5861B2508DDD500A9FC4C /* Debug */ = {
			isa = XCBuildConfiguration;
			buildSettings = {
				ALWAYS_SEARCH_USER_PATHS = NO;
				CLANG_ANALYZER_NONNULL = YES;
				CLANG_ANALYZER_NUMBER_OBJECT_CONVERSION = YES_AGGRESSIVE;
				CLANG_CXX_LANGUAGE_STANDARD = "gnu++14";
				CLANG_CXX_LIBRARY = "libc++";
				CLANG_ENABLE_MODULES = YES;
				CLANG_ENABLE_OBJC_ARC = YES;
				CLANG_ENABLE_OBJC_WEAK = YES;
				CLANG_WARN_BLOCK_CAPTURE_AUTORELEASING = YES;
				CLANG_WARN_BOOL_CONVERSION = YES;
				CLANG_WARN_COMMA = YES;
				CLANG_WARN_CONSTANT_CONVERSION = YES;
				CLANG_WARN_DEPRECATED_OBJC_IMPLEMENTATIONS = YES;
				CLANG_WARN_DIRECT_OBJC_ISA_USAGE = YES_ERROR;
				CLANG_WARN_DOCUMENTATION_COMMENTS = YES;
				CLANG_WARN_EMPTY_BODY = YES;
				CLANG_WARN_ENUM_CONVERSION = YES;
				CLANG_WARN_INFINITE_RECURSION = YES;
				CLANG_WARN_INT_CONVERSION = YES;
				CLANG_WARN_NON_LITERAL_NULL_CONVERSION = YES;
				CLANG_WARN_OBJC_IMPLICIT_RETAIN_SELF = YES;
				CLANG_WARN_OBJC_LITERAL_CONVERSION = YES;
				CLANG_WARN_OBJC_ROOT_CLASS = YES_ERROR;
				CLANG_WARN_RANGE_LOOP_ANALYSIS = YES;
				CLANG_WARN_STRICT_PROTOTYPES = YES;
				CLANG_WARN_SUSPICIOUS_MOVE = YES;
				CLANG_WARN_UNGUARDED_AVAILABILITY = YES_AGGRESSIVE;
				CLANG_WARN_UNREACHABLE_CODE = YES;
				CLANG_WARN__DUPLICATE_METHOD_MATCH = YES;
				COPY_PHASE_STRIP = NO;
				DEBUG_INFORMATION_FORMAT = dwarf;
				ENABLE_STRICT_OBJC_MSGSEND = YES;
				ENABLE_TESTABILITY = YES;
				GCC_C_LANGUAGE_STANDARD = gnu11;
				GCC_DYNAMIC_NO_PIC = NO;
				GCC_NO_COMMON_BLOCKS = YES;
				GCC_OPTIMIZATION_LEVEL = 0;
				GCC_PREPROCESSOR_DEFINITIONS = (
					"DEBUG=1",
					"$(inherited)",
				);
				GCC_WARN_64_TO_32_BIT_CONVERSION = YES;
				GCC_WARN_ABOUT_RETURN_TYPE = YES_ERROR;
				GCC_WARN_UNDECLARED_SELECTOR = YES;
				GCC_WARN_UNINITIALIZED_AUTOS = YES_AGGRESSIVE;
				GCC_WARN_UNUSED_FUNCTION = YES;
				GCC_WARN_UNUSED_VARIABLE = YES;
				IPHONEOS_DEPLOYMENT_TARGET = 13.5;
				MTL_ENABLE_DEBUG_INFO = INCLUDE_SOURCE;
				MTL_FAST_MATH = YES;
				ONLY_ACTIVE_ARCH = YES;
				SDKROOT = iphoneos;
				SWIFT_ACTIVE_COMPILATION_CONDITIONS = DEBUG;
				SWIFT_OPTIMIZATION_LEVEL = "-Onone";
			};
			name = Debug;
		};
		A2D5861C2508DDD500A9FC4C /* Release */ = {
			isa = XCBuildConfiguration;
			buildSettings = {
				ALWAYS_SEARCH_USER_PATHS = NO;
				CLANG_ANALYZER_NONNULL = YES;
				CLANG_ANALYZER_NUMBER_OBJECT_CONVERSION = YES_AGGRESSIVE;
				CLANG_CXX_LANGUAGE_STANDARD = "gnu++14";
				CLANG_CXX_LIBRARY = "libc++";
				CLANG_ENABLE_MODULES = YES;
				CLANG_ENABLE_OBJC_ARC = YES;
				CLANG_ENABLE_OBJC_WEAK = YES;
				CLANG_WARN_BLOCK_CAPTURE_AUTORELEASING = YES;
				CLANG_WARN_BOOL_CONVERSION = YES;
				CLANG_WARN_COMMA = YES;
				CLANG_WARN_CONSTANT_CONVERSION = YES;
				CLANG_WARN_DEPRECATED_OBJC_IMPLEMENTATIONS = YES;
				CLANG_WARN_DIRECT_OBJC_ISA_USAGE = YES_ERROR;
				CLANG_WARN_DOCUMENTATION_COMMENTS = YES;
				CLANG_WARN_EMPTY_BODY = YES;
				CLANG_WARN_ENUM_CONVERSION = YES;
				CLANG_WARN_INFINITE_RECURSION = YES;
				CLANG_WARN_INT_CONVERSION = YES;
				CLANG_WARN_NON_LITERAL_NULL_CONVERSION = YES;
				CLANG_WARN_OBJC_IMPLICIT_RETAIN_SELF = YES;
				CLANG_WARN_OBJC_LITERAL_CONVERSION = YES;
				CLANG_WARN_OBJC_ROOT_CLASS = YES_ERROR;
				CLANG_WARN_RANGE_LOOP_ANALYSIS = YES;
				CLANG_WARN_STRICT_PROTOTYPES = YES;
				CLANG_WARN_SUSPICIOUS_MOVE = YES;
				CLANG_WARN_UNGUARDED_AVAILABILITY = YES_AGGRESSIVE;
				CLANG_WARN_UNREACHABLE_CODE = YES;
				CLANG_WARN__DUPLICATE_METHOD_MATCH = YES;
				COPY_PHASE_STRIP = NO;
				DEBUG_INFORMATION_FORMAT = "dwarf-with-dsym";
				ENABLE_NS_ASSERTIONS = NO;
				ENABLE_STRICT_OBJC_MSGSEND = YES;
				GCC_C_LANGUAGE_STANDARD = gnu11;
				GCC_NO_COMMON_BLOCKS = YES;
				GCC_WARN_64_TO_32_BIT_CONVERSION = YES;
				GCC_WARN_ABOUT_RETURN_TYPE = YES_ERROR;
				GCC_WARN_UNDECLARED_SELECTOR = YES;
				GCC_WARN_UNINITIALIZED_AUTOS = YES_AGGRESSIVE;
				GCC_WARN_UNUSED_FUNCTION = YES;
				GCC_WARN_UNUSED_VARIABLE = YES;
				IPHONEOS_DEPLOYMENT_TARGET = 13.5;
				MTL_ENABLE_DEBUG_INFO = NO;
				MTL_FAST_MATH = YES;
				SDKROOT = iphoneos;
				SWIFT_COMPILATION_MODE = wholemodule;
				SWIFT_OPTIMIZATION_LEVEL = "-O";
				VALIDATE_PRODUCT = YES;
			};
			name = Release;
		};
		A2D5861E2508DDD500A9FC4C /* Debug */ = {
			isa = XCBuildConfiguration;
			buildSettings = {
				ASSETCATALOG_COMPILER_APPICON_NAME = AppIcon;
				CODE_SIGN_STYLE = Automatic;
				INFOPLIST_FILE = ContactsApp/Info.plist;
				LD_RUNPATH_SEARCH_PATHS = (
					"$(inherited)",
					"@executable_path/Frameworks",
				);
				PRODUCT_BUNDLE_IDENTIFIER = ru.rasikon.ContactsApp;
				PRODUCT_NAME = "$(TARGET_NAME)";
				SWIFT_VERSION = 5.0;
				TARGETED_DEVICE_FAMILY = "1,2";
			};
			name = Debug;
		};
		A2D5861F2508DDD500A9FC4C /* Release */ = {
			isa = XCBuildConfiguration;
			buildSettings = {
				ASSETCATALOG_COMPILER_APPICON_NAME = AppIcon;
				CODE_SIGN_STYLE = Automatic;
				INFOPLIST_FILE = ContactsApp/Info.plist;
				LD_RUNPATH_SEARCH_PATHS = (
					"$(inherited)",
					"@executable_path/Frameworks",
				);
				PRODUCT_BUNDLE_IDENTIFIER = ru.rasikon.ContactsApp;
				PRODUCT_NAME = "$(TARGET_NAME)";
				SWIFT_VERSION = 5.0;
				TARGETED_DEVICE_FAMILY = "1,2";
			};
			name = Release;
		};
/* End XCBuildConfiguration section */

/* Begin XCConfigurationList section */
		A2D586042508DDD200A9FC4C /* Build configuration list for PBXProject "ContactsApp" */ = {
			isa = XCConfigurationList;
			buildConfigurations = (
				A2D5861B2508DDD500A9FC4C /* Debug */,
				A2D5861C2508DDD500A9FC4C /* Release */,
			);
			defaultConfigurationIsVisible = 0;
			defaultConfigurationName = Release;
		};
		A2D5861D2508DDD500A9FC4C /* Build configuration list for PBXNativeTarget "ContactsApp" */ = {
			isa = XCConfigurationList;
			buildConfigurations = (
				A2D5861E2508DDD500A9FC4C /* Debug */,
				A2D5861F2508DDD500A9FC4C /* Release */,
			);
			defaultConfigurationIsVisible = 0;
			defaultConfigurationName = Release;
		};
/* End XCConfigurationList section */
	};
	rootObject = A2D586012508DDD200A9FC4C /* Project object */;
}
